
Microsoft Visual Studio Solution File, Format Version 12.00
# Visual Studio Version 17
VisualStudioVersion = 17.14.36109.1 d17.14
MinimumVisualStudioVersion = 10.0.40219.1
Project("{8BC9CEB8-8B4A-11D0-8D11-00A0C91BC942}") = "Lab8s", "Lab8s\Lab8s.vcxproj", "{BC942487-08FB-48A9-8375-798131C4D615}"
EndProject
Global
	GlobalSection(SolutionConfigurationPlatforms) = preSolution
		Debug|x64 = Debug|x64
		Debug|x86 = Debug|x86
		Release|x64 = Release|x64
		Release|x86 = Release|x86
	EndGlobalSection
	GlobalSection(ProjectConfigurationPlatforms) = postSolution
		{BC942487-08FB-48A9-8375-798131C4D615}.Debug|x64.ActiveCfg = Debug|x64
		{BC942487-08FB-48A9-8375-798131C4D615}.Debug|x64.Build.0 = Debug|x64
		{BC942487-08FB-48A9-8375-798131C4D615}.Debug|x86.ActiveCfg = Debug|Win32
		{BC942487-08FB-48A9-8375-798131C4D615}.Debug|x86.Build.0 = Debug|Win32
		{BC942487-08FB-48A9-8375-798131C4D615}.Release|x64.ActiveCfg = Release|x64
		{BC942487-08FB-48A9-8375-798131C4D615}.Release|x64.Build.0 = Release|x64
		{BC942487-08FB-48A9-8375-798131C4D615}.Release|x86.ActiveCfg = Release|Win32
		{BC942487-08FB-48A9-8375-798131C4D615}.Release|x86.Build.0 = Release|Win32
	EndGlobalSection
	GlobalSection(SolutionProperties) = preSolution
		HideSolutionNode = FALSE
	EndGlobalSection
	GlobalSection(ExtensibilityGlobals) = postSolution
		SolutionGuid = {6AF606EC-5D7E-49AE-8829-672DC426D5BC}
	EndGlobalSection
EndGlobal
